
Microsoft Visual Studio Solution File, Format Version 12.00
# Visual Studio Version 16
VisualStudioVersion = 16.0.30225.117
MinimumVisualStudioVersion = 10.0.40219.1
Project("{FAE04EC0-301F-11D3-BF4B-00C04F79EFBC}") = "APIStore", "APIStore.csproj", "{1B8C058C-8631-4CE8-8B27-DB4DDBEF14D8}"
EndProject
Project("{FAE04EC0-301F-11D3-BF4B-00C04F79EFBC}") = "ModelAPIStore", "..\ModelAPIStore\ModelAPIStore.csproj", "{26AFFE88-86B7-4D07-8A16-0828756944BD}"
EndProject
Global
	GlobalSection(SolutionConfigurationPlatforms) = preSolution
		Debug|Any CPU = Debug|Any CPU
		Release|Any CPU = Release|Any CPU
	EndGlobalSection
	GlobalSection(ProjectConfigurationPlatforms) = postSolution
		{1B8C058C-8631-4CE8-8B27-DB4DDBEF14D8}.Debug|Any CPU.ActiveCfg = Debug|Any CPU
		{1B8C058C-8631-4CE8-8B27-DB4DDBEF14D8}.Debug|Any CPU.Build.0 = Debug|Any CPU
		{1B8C058C-8631-4CE8-8B27-DB4DDBEF14D8}.Release|Any CPU.ActiveCfg = Release|Any CPU
		{1B8C058C-8631-4CE8-8B27-DB4DDBEF14D8}.Release|Any CPU.Build.0 = Release|Any CPU
		{26AFFE88-86B7-4D07-8A16-0828756944BD}.Debug|Any CPU.ActiveCfg = Debug|Any CPU
		{26AFFE88-86B7-4D07-8A16-0828756944BD}.Debug|Any CPU.Build.0 = Debug|Any CPU
		{26AFFE88-86B7-4D07-8A16-0828756944BD}.Release|Any CPU.ActiveCfg = Release|Any CPU
		{26AFFE88-86B7-4D07-8A16-0828756944BD}.Release|Any CPU.Build.0 = Release|Any CPU
	EndGlobalSection
	GlobalSection(SolutionProperties) = preSolution
		HideSolutionNode = FALSE
	EndGlobalSection
	GlobalSection(ExtensibilityGlobals) = postSolution
		SolutionGuid = {A4EB145F-5F6B-4859-8D53-A21DD2E5AAF6}
	EndGlobalSection
EndGlobal
